// !$*UTF8*$!
{
	archiveVersion = 1;
	classes = {
	};
	objectVersion = 50;
	objects = {

/* Begin PBXBuildFile section */
		4435D0DD27481DD600E7A57F /* AppDelegate.swift in Sources */ = {isa = PBXBuildFile; fileRef = 4435D0DC27481DD600E7A57F /* AppDelegate.swift */; };
		4435D0DF27481DD600E7A57F /* SceneDelegate.swift in Sources */ = {isa = PBXBuildFile; fileRef = 4435D0DE27481DD600E7A57F /* SceneDelegate.swift */; };
		4435D0E627481DD700E7A57F /* Assets.xcassets in Resources */ = {isa = PBXBuildFile; fileRef = 4435D0E527481DD700E7A57F /* Assets.xcassets */; };
		4435D0E927481DD700E7A57F /* LaunchScreen.storyboard in Resources */ = {isa = PBXBuildFile; fileRef = 4435D0E727481DD700E7A57F /* LaunchScreen.storyboard */; };
		4435D1012748B50400E7A57F /* NewsListViewController.swift in Sources */ = {isa = PBXBuildFile; fileRef = 4435D0FF2748B50400E7A57F /* NewsListViewController.swift */; };
		4435D1022748B50400E7A57F /* NewsListViewController.xib in Resources */ = {isa = PBXBuildFile; fileRef = 4435D1002748B50400E7A57F /* NewsListViewController.xib */; };
		4435D1042748B6A900E7A57F /* News.swift in Sources */ = {isa = PBXBuildFile; fileRef = 4435D1032748B6A900E7A57F /* News.swift */; };
		4435D1072748B70600E7A57F /* NetworkService.swift in Sources */ = {isa = PBXBuildFile; fileRef = 4435D1062748B70600E7A57F /* NetworkService.swift */; };
		4435D1092748B7C100E7A57F /* TopNews.swift in Sources */ = {isa = PBXBuildFile; fileRef = 4435D1082748B7C100E7A57F /* TopNews.swift */; };
		4435D10B2748B82D00E7A57F /* DailyBriefings.swift in Sources */ = {isa = PBXBuildFile; fileRef = 4435D10A2748B82D00E7A57F /* DailyBriefings.swift */; };
		4435D10D2748B85E00E7A57F /* TechnicalAnalysis.swift in Sources */ = {isa = PBXBuildFile; fileRef = 4435D10C2748B85E00E7A57F /* TechnicalAnalysis.swift */; };
		4435D10F2748B89400E7A57F /* SpecialReport.swift in Sources */ = {isa = PBXBuildFile; fileRef = 4435D10E2748B89400E7A57F /* SpecialReport.swift */; };
		4435D1112748BCB400E7A57F /* Author.swift in Sources */ = {isa = PBXBuildFile; fileRef = 4435D1102748BCB400E7A57F /* Author.swift */; };
		4435D1132748C0E400E7A57F /* Serviceable.swift in Sources */ = {isa = PBXBuildFile; fileRef = 4435D1122748C0E400E7A57F /* Serviceable.swift */; };
		4435D1152748C2DA00E7A57F /* NetworkError.swift in Sources */ = {isa = PBXBuildFile; fileRef = 4435D1142748C2DA00E7A57F /* NetworkError.swift */; };
		4435D11A2748F52C00E7A57F /* NewsCell.swift in Sources */ = {isa = PBXBuildFile; fileRef = 4435D1182748F52C00E7A57F /* NewsCell.swift */; };
		4435D11B2748F52C00E7A57F /* NewsCell.xib in Resources */ = {isa = PBXBuildFile; fileRef = 4435D1192748F52C00E7A57F /* NewsCell.xib */; };
		4435D11E2748F56500E7A57F /* NewsListTableViewDataSource.swift in Sources */ = {isa = PBXBuildFile; fileRef = 4435D11D2748F56500E7A57F /* NewsListTableViewDataSource.swift */; };
		4435D1262749237100E7A57F /* DailyFxNewsTests.swift in Sources */ = {isa = PBXBuildFile; fileRef = 4435D1252749237100E7A57F /* DailyFxNewsTests.swift */; };
		4435D12E27496A8500E7A57F /* Parser.swift in Sources */ = {isa = PBXBuildFile; fileRef = 4435D12D27496A8500E7A57F /* Parser.swift */; };
		4435D13527496E4500E7A57F /* NewsListTask.swift in Sources */ = {isa = PBXBuildFile; fileRef = 4435D13427496E4500E7A57F /* NewsListTask.swift */; };
		4435D139274A006B00E7A57F /* NewsListViewModel.swift in Sources */ = {isa = PBXBuildFile; fileRef = 4435D138274A006B00E7A57F /* NewsListViewModel.swift */; };
		44B51E07274A173400B88F2A /* Eu.swift in Sources */ = {isa = PBXBuildFile; fileRef = 44B51E06274A173400B88F2A /* Eu.swift */; };
		44B51E09274A179100B88F2A /* Asia.swift in Sources */ = {isa = PBXBuildFile; fileRef = 44B51E08274A179100B88F2A /* Asia.swift */; };
		44B51E0B274A17C400B88F2A /* Us.swift in Sources */ = {isa = PBXBuildFile; fileRef = 44B51E0A274A17C400B88F2A /* Us.swift */; };
		44B51E0D274ABBC400B88F2A /* DailyNews.swift in Sources */ = {isa = PBXBuildFile; fileRef = 44B51E0C274ABBC400B88F2A /* DailyNews.swift */; };
/* End PBXBuildFile section */

/* Begin PBXContainerItemProxy section */
		4435D1282749237100E7A57F /* PBXContainerItemProxy */ = {
			isa = PBXContainerItemProxy;
			containerPortal = 4435D0D127481DD600E7A57F /* Project object */;
			proxyType = 1;
			remoteGlobalIDString = 4435D0D827481DD600E7A57F;
			remoteInfo = DailyFxNews;
		};
/* End PBXContainerItemProxy section */

/* Begin PBXFileReference section */
		4435D0D927481DD600E7A57F /* DailyFxNews.app */ = {isa = PBXFileReference; explicitFileType = wrapper.application; includeInIndex = 0; path = DailyFxNews.app; sourceTree = BUILT_PRODUCTS_DIR; };
		4435D0DC27481DD600E7A57F /* AppDelegate.swift */ = {isa = PBXFileReference; lastKnownFileType = sourcecode.swift; path = AppDelegate.swift; sourceTree = "<group>"; };
		4435D0DE27481DD600E7A57F /* SceneDelegate.swift */ = {isa = PBXFileReference; lastKnownFileType = sourcecode.swift; path = SceneDelegate.swift; sourceTree = "<group>"; };
		4435D0E527481DD700E7A57F /* Assets.xcassets */ = {isa = PBXFileReference; lastKnownFileType = folder.assetcatalog; path = Assets.xcassets; sourceTree = "<group>"; };
		4435D0E827481DD700E7A57F /* Base */ = {isa = PBXFileReference; lastKnownFileType = file.storyboard; name = Base; path = Base.lproj/LaunchScreen.storyboard; sourceTree = "<group>"; };
		4435D0EA27481DD700E7A57F /* Info.plist */ = {isa = PBXFileReference; lastKnownFileType = text.plist.xml; path = Info.plist; sourceTree = "<group>"; };
		4435D0FF2748B50400E7A57F /* NewsListViewController.swift */ = {isa = PBXFileReference; lastKnownFileType = sourcecode.swift; path = NewsListViewController.swift; sourceTree = "<group>"; };
		4435D1002748B50400E7A57F /* NewsListViewController.xib */ = {isa = PBXFileReference; lastKnownFileType = file.xib; path = NewsListViewController.xib; sourceTree = "<group>"; };
		4435D1032748B6A900E7A57F /* News.swift */ = {isa = PBXFileReference; lastKnownFileType = sourcecode.swift; path = News.swift; sourceTree = "<group>"; };
		4435D1062748B70600E7A57F /* NetworkService.swift */ = {isa = PBXFileReference; lastKnownFileType = sourcecode.swift; path = NetworkService.swift; sourceTree = "<group>"; };
		4435D1082748B7C100E7A57F /* TopNews.swift */ = {isa = PBXFileReference; lastKnownFileType = sourcecode.swift; path = TopNews.swift; sourceTree = "<group>"; };
		4435D10A2748B82D00E7A57F /* DailyBriefings.swift */ = {isa = PBXFileReference; lastKnownFileType = sourcecode.swift; path = DailyBriefings.swift; sourceTree = "<group>"; };
		4435D10C2748B85E00E7A57F /* TechnicalAnalysis.swift */ = {isa = PBXFileReference; lastKnownFileType = sourcecode.swift; path = TechnicalAnalysis.swift; sourceTree = "<group>"; };
		4435D10E2748B89400E7A57F /* SpecialReport.swift */ = {isa = PBXFileReference; lastKnownFileType = sourcecode.swift; path = SpecialReport.swift; sourceTree = "<group>"; };
		4435D1102748BCB400E7A57F /* Author.swift */ = {isa = PBXFileReference; lastKnownFileType = sourcecode.swift; path = Author.swift; sourceTree = "<group>"; };
		4435D1122748C0E400E7A57F /* Serviceable.swift */ = {isa = PBXFileReference; lastKnownFileType = sourcecode.swift; path = Serviceable.swift; sourceTree = "<group>"; };
		4435D1142748C2DA00E7A57F /* NetworkError.swift */ = {isa = PBXFileReference; lastKnownFileType = sourcecode.swift; path = NetworkError.swift; sourceTree = "<group>"; };
		4435D1182748F52C00E7A57F /* NewsCell.swift */ = {isa = PBXFileReference; lastKnownFileType = sourcecode.swift; path = NewsCell.swift; sourceTree = "<group>"; };
		4435D1192748F52C00E7A57F /* NewsCell.xib */ = {isa = PBXFileReference; lastKnownFileType = file.xib; path = NewsCell.xib; sourceTree = "<group>"; };
		4435D11D2748F56500E7A57F /* NewsListTableViewDataSource.swift */ = {isa = PBXFileReference; lastKnownFileType = sourcecode.swift; path = NewsListTableViewDataSource.swift; sourceTree = "<group>"; };
		4435D1232749237100E7A57F /* DailyFxNewsTests.xctest */ = {isa = PBXFileReference; explicitFileType = wrapper.cfbundle; includeInIndex = 0; path = DailyFxNewsTests.xctest; sourceTree = BUILT_PRODUCTS_DIR; };
		4435D1252749237100E7A57F /* DailyFxNewsTests.swift */ = {isa = PBXFileReference; lastKnownFileType = sourcecode.swift; path = DailyFxNewsTests.swift; sourceTree = "<group>"; };
		4435D1272749237100E7A57F /* Info.plist */ = {isa = PBXFileReference; lastKnownFileType = text.plist.xml; path = Info.plist; sourceTree = "<group>"; };
		4435D12D27496A8500E7A57F /* Parser.swift */ = {isa = PBXFileReference; lastKnownFileType = sourcecode.swift; path = Parser.swift; sourceTree = "<group>"; };
		4435D13427496E4500E7A57F /* NewsListTask.swift */ = {isa = PBXFileReference; lastKnownFileType = sourcecode.swift; path = NewsListTask.swift; sourceTree = "<group>"; };
		4435D138274A006B00E7A57F /* NewsListViewModel.swift */ = {isa = PBXFileReference; fileEncoding = 4; lastKnownFileType = sourcecode.swift; path = NewsListViewModel.swift; sourceTree = "<group>"; };
		44B51E06274A173400B88F2A /* Eu.swift */ = {isa = PBXFileReference; lastKnownFileType = sourcecode.swift; path = Eu.swift; sourceTree = "<group>"; };
		44B51E08274A179100B88F2A /* Asia.swift */ = {isa = PBXFileReference; lastKnownFileType = sourcecode.swift; path = Asia.swift; sourceTree = "<group>"; };
		44B51E0A274A17C400B88F2A /* Us.swift */ = {isa = PBXFileReference; lastKnownFileType = sourcecode.swift; path = Us.swift; sourceTree = "<group>"; };
		44B51E0C274ABBC400B88F2A /* DailyNews.swift */ = {isa = PBXFileReference; lastKnownFileType = sourcecode.swift; path = DailyNews.swift; sourceTree = "<group>"; };
/* End PBXFileReference section */

/* Begin PBXFrameworksBuildPhase section */
		4435D0D627481DD600E7A57F /* Frameworks */ = {
			isa = PBXFrameworksBuildPhase;
			buildActionMask = 2147483647;
			files = (
			);
			runOnlyForDeploymentPostprocessing = 0;
		};
		4435D1202749237100E7A57F /* Frameworks */ = {
			isa = PBXFrameworksBuildPhase;
			buildActionMask = 2147483647;
			files = (
			);
			runOnlyForDeploymentPostprocessing = 0;
		};
/* End PBXFrameworksBuildPhase section */

/* Begin PBXGroup section */
		4435D0D027481DD600E7A57F = {
			isa = PBXGroup;
			children = (
				4435D0DB27481DD600E7A57F /* src */,
				4435D1242749237100E7A57F /* DailyFxNewsTests */,
				4435D0DA27481DD600E7A57F /* Products */,
			);
			sourceTree = "<group>";
		};
		4435D0DA27481DD600E7A57F /* Products */ = {
			isa = PBXGroup;
			children = (
				4435D0D927481DD600E7A57F /* DailyFxNews.app */,
				4435D1232749237100E7A57F /* DailyFxNewsTests.xctest */,
			);
			name = Products;
			sourceTree = "<group>";
		};
		4435D0DB27481DD600E7A57F /* src */ = {
			isa = PBXGroup;
			children = (
				4435D0F027481F1700E7A57F /* app-main */,
				4435D0F327481FF500E7A57F /* helpers */,
				4435D0F227481FED00E7A57F /* modules */,
				4435D0F127481F5300E7A57F /* resources */,
			);
			path = src;
			sourceTree = "<group>";
		};
		4435D0F027481F1700E7A57F /* app-main */ = {
			isa = PBXGroup;
			children = (
				4435D0DC27481DD600E7A57F /* AppDelegate.swift */,
				4435D0DE27481DD600E7A57F /* SceneDelegate.swift */,
			);
			path = "app-main";
			sourceTree = "<group>";
		};
		4435D0F127481F5300E7A57F /* resources */ = {
			isa = PBXGroup;
			children = (
				4435D0EA27481DD700E7A57F /* Info.plist */,
				4435D0E527481DD700E7A57F /* Assets.xcassets */,
				4435D0E727481DD700E7A57F /* LaunchScreen.storyboard */,
			);
			path = resources;
			sourceTree = "<group>";
		};
		4435D0F227481FED00E7A57F /* modules */ = {
			isa = PBXGroup;
			children = (
				4435D0F4274820A600E7A57F /* news-list */,
				4435D0F5274820B600E7A57F /* news-details */,
			);
			path = modules;
			sourceTree = "<group>";
		};
		4435D0F327481FF500E7A57F /* helpers */ = {
			isa = PBXGroup;
			children = (
				4435D1052748B6E100E7A57F /* networking */,
			);
			path = helpers;
			sourceTree = "<group>";
		};
		4435D0F4274820A600E7A57F /* news-list */ = {
			isa = PBXGroup;
			children = (
				4435D0FC2748B43D00E7A57F /* model */,
				4435D0FA2748B42600E7A57F /* view */,
				4435D0FB2748B43300E7A57F /* viewmodel */,
			);
			path = "news-list";
			sourceTree = "<group>";
		};
		4435D0F5274820B600E7A57F /* news-details */ = {
			isa = PBXGroup;
			children = (
			);
			path = "news-details";
			sourceTree = "<group>";
		};
		4435D0FA2748B42600E7A57F /* view */ = {
			isa = PBXGroup;
			children = (
				4435D1172748F4F800E7A57F /* cell */,
				4435D1162748F4E600E7A57F /* controllers */,
			);
			path = view;
			sourceTree = "<group>";
		};
		4435D0FB2748B43300E7A57F /* viewmodel */ = {
			isa = PBXGroup;
			children = (
				4435D138274A006B00E7A57F /* NewsListViewModel.swift */,
				4435D11D2748F56500E7A57F /* NewsListTableViewDataSource.swift */,
			);
			path = viewmodel;
			sourceTree = "<group>";
		};
		4435D0FC2748B43D00E7A57F /* model */ = {
			isa = PBXGroup;
			children = (
				4435D1032748B6A900E7A57F /* News.swift */,
				4435D1082748B7C100E7A57F /* TopNews.swift */,
				4435D10A2748B82D00E7A57F /* DailyBriefings.swift */,
				4435D10C2748B85E00E7A57F /* TechnicalAnalysis.swift */,
				4435D10E2748B89400E7A57F /* SpecialReport.swift */,
				4435D1102748BCB400E7A57F /* Author.swift */,
				44B51E06274A173400B88F2A /* Eu.swift */,
				44B51E08274A179100B88F2A /* Asia.swift */,
				44B51E0A274A17C400B88F2A /* Us.swift */,
				44B51E0C274ABBC400B88F2A /* DailyNews.swift */,
			);
			path = model;
			sourceTree = "<group>";
		};
		4435D1052748B6E100E7A57F /* networking */ = {
			isa = PBXGroup;
			children = (
				4435D13327496E2300E7A57F /* tasks */,
				4435D13227496E1200E7A57F /* common */,
			);
			path = networking;
			sourceTree = "<group>";
		};
		4435D1162748F4E600E7A57F /* controllers */ = {
			isa = PBXGroup;
			children = (
				4435D0FF2748B50400E7A57F /* NewsListViewController.swift */,
				4435D1002748B50400E7A57F /* NewsListViewController.xib */,
			);
			path = controllers;
			sourceTree = "<group>";
		};
		4435D1172748F4F800E7A57F /* cell */ = {
			isa = PBXGroup;
			children = (
				4435D1182748F52C00E7A57F /* NewsCell.swift */,
				4435D1192748F52C00E7A57F /* NewsCell.xib */,
			);
			path = cell;
			sourceTree = "<group>";
		};
		4435D1242749237100E7A57F /* DailyFxNewsTests */ = {
			isa = PBXGroup;
			children = (
				4435D1252749237100E7A57F /* DailyFxNewsTests.swift */,
				4435D1272749237100E7A57F /* Info.plist */,
			);
			path = DailyFxNewsTests;
			sourceTree = "<group>";
		};
		4435D13227496E1200E7A57F /* common */ = {
			isa = PBXGroup;
			children = (
				4435D1062748B70600E7A57F /* NetworkService.swift */,
				4435D1122748C0E400E7A57F /* Serviceable.swift */,
				4435D1142748C2DA00E7A57F /* NetworkError.swift */,
				4435D12D27496A8500E7A57F /* Parser.swift */,
			);
			path = common;
			sourceTree = "<group>";
		};
		4435D13327496E2300E7A57F /* tasks */ = {
			isa = PBXGroup;
			children = (
				4435D13427496E4500E7A57F /* NewsListTask.swift */,
			);
			path = tasks;
			sourceTree = "<group>";
		};
/* End PBXGroup section */

/* Begin PBXNativeTarget section */
		4435D0D827481DD600E7A57F /* DailyFxNews */ = {
			isa = PBXNativeTarget;
			buildConfigurationList = 4435D0ED27481DD700E7A57F /* Build configuration list for PBXNativeTarget "DailyFxNews" */;
			buildPhases = (
				4435D0D527481DD600E7A57F /* Sources */,
				4435D0D627481DD600E7A57F /* Frameworks */,
				4435D0D727481DD600E7A57F /* Resources */,
			);
			buildRules = (
			);
			dependencies = (
			);
			name = DailyFxNews;
			productName = DailyFxNews;
			productReference = 4435D0D927481DD600E7A57F /* DailyFxNews.app */;
			productType = "com.apple.product-type.application";
		};
		4435D1222749237100E7A57F /* DailyFxNewsTests */ = {
			isa = PBXNativeTarget;
			buildConfigurationList = 4435D12A2749237100E7A57F /* Build configuration list for PBXNativeTarget "DailyFxNewsTests" */;
			buildPhases = (
				4435D11F2749237100E7A57F /* Sources */,
				4435D1202749237100E7A57F /* Frameworks */,
				4435D1212749237100E7A57F /* Resources */,
			);
			buildRules = (
			);
			dependencies = (
				4435D1292749237100E7A57F /* PBXTargetDependency */,
			);
			name = DailyFxNewsTests;
			productName = DailyFxNewsTests;
			productReference = 4435D1232749237100E7A57F /* DailyFxNewsTests.xctest */;
			productType = "com.apple.product-type.bundle.unit-test";
		};
/* End PBXNativeTarget section */

/* Begin PBXProject section */
		4435D0D127481DD600E7A57F /* Project object */ = {
			isa = PBXProject;
			attributes = {
				LastSwiftUpdateCheck = 1250;
				LastUpgradeCheck = 1250;
				TargetAttributes = {
					4435D0D827481DD600E7A57F = {
						CreatedOnToolsVersion = 12.5.1;
					};
					4435D1222749237100E7A57F = {
						CreatedOnToolsVersion = 12.5.1;
						TestTargetID = 4435D0D827481DD600E7A57F;
					};
				};
			};
			buildConfigurationList = 4435D0D427481DD600E7A57F /* Build configuration list for PBXProject "DailyFxNews" */;
			compatibilityVersion = "Xcode 9.3";
			developmentRegion = en;
			hasScannedForEncodings = 0;
			knownRegions = (
				en,
				Base,
			);
			mainGroup = 4435D0D027481DD600E7A57F;
			productRefGroup = 4435D0DA27481DD600E7A57F /* Products */;
			projectDirPath = "";
			projectRoot = "";
			targets = (
				4435D0D827481DD600E7A57F /* DailyFxNews */,
				4435D1222749237100E7A57F /* DailyFxNewsTests */,
			);
		};
/* End PBXProject section */

/* Begin PBXResourcesBuildPhase section */
		4435D0D727481DD600E7A57F /* Resources */ = {
			isa = PBXResourcesBuildPhase;
			buildActionMask = 2147483647;
			files = (
				4435D0E927481DD700E7A57F /* LaunchScreen.storyboard in Resources */,
				4435D1022748B50400E7A57F /* NewsListViewController.xib in Resources */,
				4435D11B2748F52C00E7A57F /* NewsCell.xib in Resources */,
				4435D0E627481DD700E7A57F /* Assets.xcassets in Resources */,
			);
			runOnlyForDeploymentPostprocessing = 0;
		};
		4435D1212749237100E7A57F /* Resources */ = {
			isa = PBXResourcesBuildPhase;
			buildActionMask = 2147483647;
			files = (
			);
			runOnlyForDeploymentPostprocessing = 0;
		};
/* End PBXResourcesBuildPhase section */

/* Begin PBXSourcesBuildPhase section */
		4435D0D527481DD600E7A57F /* Sources */ = {
			isa = PBXSourcesBuildPhase;
			buildActionMask = 2147483647;
			files = (
				4435D11E2748F56500E7A57F /* NewsListTableViewDataSource.swift in Sources */,
				4435D0DD27481DD600E7A57F /* AppDelegate.swift in Sources */,
				4435D10F2748B89400E7A57F /* SpecialReport.swift in Sources */,
				44B51E0B274A17C400B88F2A /* Us.swift in Sources */,
				44B51E0D274ABBC400B88F2A /* DailyNews.swift in Sources */,
				4435D1132748C0E400E7A57F /* Serviceable.swift in Sources */,
				4435D12E27496A8500E7A57F /* Parser.swift in Sources */,
				4435D1092748B7C100E7A57F /* TopNews.swift in Sources */,
				4435D0DF27481DD600E7A57F /* SceneDelegate.swift in Sources */,
				4435D10B2748B82D00E7A57F /* DailyBriefings.swift in Sources */,
				4435D10D2748B85E00E7A57F /* TechnicalAnalysis.swift in Sources */,
				4435D1112748BCB400E7A57F /* Author.swift in Sources */,
				4435D139274A006B00E7A57F /* NewsListViewModel.swift in Sources */,
				44B51E07274A173400B88F2A /* Eu.swift in Sources */,
				4435D1072748B70600E7A57F /* NetworkService.swift in Sources */,
				4435D11A2748F52C00E7A57F /* NewsCell.swift in Sources */,
				4435D13527496E4500E7A57F /* NewsListTask.swift in Sources */,
				44B51E09274A179100B88F2A /* Asia.swift in Sources */,
				4435D1152748C2DA00E7A57F /* NetworkError.swift in Sources */,
				4435D1042748B6A900E7A57F /* News.swift in Sources */,
				4435D1012748B50400E7A57F /* NewsListViewController.swift in Sources */,
			);
			runOnlyForDeploymentPostprocessing = 0;
		};
		4435D11F2749237100E7A57F /* Sources */ = {
			isa = PBXSourcesBuildPhase;
			buildActionMask = 2147483647;
			files = (
				4435D1262749237100E7A57F /* DailyFxNewsTests.swift in Sources */,
			);
			runOnlyForDeploymentPostprocessing = 0;
		};
/* End PBXSourcesBuildPhase section */

/* Begin PBXTargetDependency section */
		4435D1292749237100E7A57F /* PBXTargetDependency */ = {
			isa = PBXTargetDependency;
			target = 4435D0D827481DD600E7A57F /* DailyFxNews */;
			targetProxy = 4435D1282749237100E7A57F /* PBXContainerItemProxy */;
		};
/* End PBXTargetDependency section */

/* Begin PBXVariantGroup section */
		4435D0E727481DD700E7A57F /* LaunchScreen.storyboard */ = {
			isa = PBXVariantGroup;
			children = (
				4435D0E827481DD700E7A57F /* Base */,
			);
			name = LaunchScreen.storyboard;
			sourceTree = "<group>";
		};
/* End PBXVariantGroup section */

/* Begin XCBuildConfiguration section */
		4435D0EB27481DD700E7A57F /* Debug */ = {
			isa = XCBuildConfiguration;
			buildSettings = {
				ALWAYS_SEARCH_USER_PATHS = NO;
				CLANG_ANALYZER_NONNULL = YES;
				CLANG_ANALYZER_NUMBER_OBJECT_CONVERSION = YES_AGGRESSIVE;
				CLANG_CXX_LANGUAGE_STANDARD = "gnu++14";
				CLANG_CXX_LIBRARY = "libc++";
				CLANG_ENABLE_MODULES = YES;
				CLANG_ENABLE_OBJC_ARC = YES;
				CLANG_ENABLE_OBJC_WEAK = YES;
				CLANG_WARN_BLOCK_CAPTURE_AUTORELEASING = YES;
				CLANG_WARN_BOOL_CONVERSION = YES;
				CLANG_WARN_COMMA = YES;
				CLANG_WARN_CONSTANT_CONVERSION = YES;
				CLANG_WARN_DEPRECATED_OBJC_IMPLEMENTATIONS = YES;
				CLANG_WARN_DIRECT_OBJC_ISA_USAGE = YES_ERROR;
				CLANG_WARN_DOCUMENTATION_COMMENTS = YES;
				CLANG_WARN_EMPTY_BODY = YES;
				CLANG_WARN_ENUM_CONVERSION = YES;
				CLANG_WARN_INFINITE_RECURSION = YES;
				CLANG_WARN_INT_CONVERSION = YES;
				CLANG_WARN_NON_LITERAL_NULL_CONVERSION = YES;
				CLANG_WARN_OBJC_IMPLICIT_RETAIN_SELF = YES;
				CLANG_WARN_OBJC_LITERAL_CONVERSION = YES;
				CLANG_WARN_OBJC_ROOT_CLASS = YES_ERROR;
				CLANG_WARN_QUOTED_INCLUDE_IN_FRAMEWORK_HEADER = YES;
				CLANG_WARN_RANGE_LOOP_ANALYSIS = YES;
				CLANG_WARN_STRICT_PROTOTYPES = YES;
				CLANG_WARN_SUSPICIOUS_MOVE = YES;
				CLANG_WARN_UNGUARDED_AVAILABILITY = YES_AGGRESSIVE;
				CLANG_WARN_UNREACHABLE_CODE = YES;
				CLANG_WARN__DUPLICATE_METHOD_MATCH = YES;
				COPY_PHASE_STRIP = NO;
				DEBUG_INFORMATION_FORMAT = dwarf;
				ENABLE_STRICT_OBJC_MSGSEND = YES;
				ENABLE_TESTABILITY = YES;
				GCC_C_LANGUAGE_STANDARD = gnu11;
				GCC_DYNAMIC_NO_PIC = NO;
				GCC_NO_COMMON_BLOCKS = YES;
				GCC_OPTIMIZATION_LEVEL = 0;
				GCC_PREPROCESSOR_DEFINITIONS = (
					"DEBUG=1",
					"$(inherited)",
				);
				GCC_WARN_64_TO_32_BIT_CONVERSION = YES;
				GCC_WARN_ABOUT_RETURN_TYPE = YES_ERROR;
				GCC_WARN_UNDECLARED_SELECTOR = YES;
				GCC_WARN_UNINITIALIZED_AUTOS = YES_AGGRESSIVE;
				GCC_WARN_UNUSED_FUNCTION = YES;
				GCC_WARN_UNUSED_VARIABLE = YES;
				IPHONEOS_DEPLOYMENT_TARGET = 14.5;
				MTL_ENABLE_DEBUG_INFO = INCLUDE_SOURCE;
				MTL_FAST_MATH = YES;
				ONLY_ACTIVE_ARCH = YES;
				SDKROOT = iphoneos;
				SWIFT_ACTIVE_COMPILATION_CONDITIONS = DEBUG;
				SWIFT_OPTIMIZATION_LEVEL = "-Onone";
			};
			name = Debug;
		};
		4435D0EC27481DD700E7A57F /* Release */ = {
			isa = XCBuildConfiguration;
			buildSettings = {
				ALWAYS_SEARCH_USER_PATHS = NO;
				CLANG_ANALYZER_NONNULL = YES;
				CLANG_ANALYZER_NUMBER_OBJECT_CONVERSION = YES_AGGRESSIVE;
				CLANG_CXX_LANGUAGE_STANDARD = "gnu++14";
				CLANG_CXX_LIBRARY = "libc++";
				CLANG_ENABLE_MODULES = YES;
				CLANG_ENABLE_OBJC_ARC = YES;
				CLANG_ENABLE_OBJC_WEAK = YES;
				CLANG_WARN_BLOCK_CAPTURE_AUTORELEASING = YES;
				CLANG_WARN_BOOL_CONVERSION = YES;
				CLANG_WARN_COMMA = YES;
				CLANG_WARN_CONSTANT_CONVERSION = YES;
				CLANG_WARN_DEPRECATED_OBJC_IMPLEMENTATIONS = YES;
				CLANG_WARN_DIRECT_OBJC_ISA_USAGE = YES_ERROR;
				CLANG_WARN_DOCUMENTATION_COMMENTS = YES;
				CLANG_WARN_EMPTY_BODY = YES;
				CLANG_WARN_ENUM_CONVERSION = YES;
				CLANG_WARN_INFINITE_RECURSION = YES;
				CLANG_WARN_INT_CONVERSION = YES;
				CLANG_WARN_NON_LITERAL_NULL_CONVERSION = YES;
				CLANG_WARN_OBJC_IMPLICIT_RETAIN_SELF = YES;
				CLANG_WARN_OBJC_LITERAL_CONVERSION = YES;
				CLANG_WARN_OBJC_ROOT_CLASS = YES_ERROR;
				CLANG_WARN_QUOTED_INCLUDE_IN_FRAMEWORK_HEADER = YES;
				CLANG_WARN_RANGE_LOOP_ANALYSIS = YES;
				CLANG_WARN_STRICT_PROTOTYPES = YES;
				CLANG_WARN_SUSPICIOUS_MOVE = YES;
				CLANG_WARN_UNGUARDED_AVAILABILITY = YES_AGGRESSIVE;
				CLANG_WARN_UNREACHABLE_CODE = YES;
				CLANG_WARN__DUPLICATE_METHOD_MATCH = YES;
				COPY_PHASE_STRIP = NO;
				DEBUG_INFORMATION_FORMAT = "dwarf-with-dsym";
				ENABLE_NS_ASSERTIONS = NO;
				ENABLE_STRICT_OBJC_MSGSEND = YES;
				GCC_C_LANGUAGE_STANDARD = gnu11;
				GCC_NO_COMMON_BLOCKS = YES;
				GCC_WARN_64_TO_32_BIT_CONVERSION = YES;
				GCC_WARN_ABOUT_RETURN_TYPE = YES_ERROR;
				GCC_WARN_UNDECLARED_SELECTOR = YES;
				GCC_WARN_UNINITIALIZED_AUTOS = YES_AGGRESSIVE;
				GCC_WARN_UNUSED_FUNCTION = YES;
				GCC_WARN_UNUSED_VARIABLE = YES;
				IPHONEOS_DEPLOYMENT_TARGET = 14.5;
				MTL_ENABLE_DEBUG_INFO = NO;
				MTL_FAST_MATH = YES;
				SDKROOT = iphoneos;
				SWIFT_COMPILATION_MODE = wholemodule;
				SWIFT_OPTIMIZATION_LEVEL = "-O";
				VALIDATE_PRODUCT = YES;
			};
			name = Release;
		};
		4435D0EE27481DD700E7A57F /* Debug */ = {
			isa = XCBuildConfiguration;
			buildSettings = {
				ASSETCATALOG_COMPILER_APPICON_NAME = AppIcon;
				ASSETCATALOG_COMPILER_GLOBAL_ACCENT_COLOR_NAME = AccentColor;
				CODE_SIGN_STYLE = Automatic;
				INFOPLIST_FILE = src/Resources/Info.plist;
				IPHONEOS_DEPLOYMENT_TARGET = 13.0;
				LD_RUNPATH_SEARCH_PATHS = (
					"$(inherited)",
					"@executable_path/Frameworks",
				);
				PRODUCT_BUNDLE_IDENTIFIER = com.ig.DailyFxNews;
				PRODUCT_NAME = "$(TARGET_NAME)";
				SWIFT_VERSION = 5.0;
				TARGETED_DEVICE_FAMILY = "1,2";
			};
			name = Debug;
		};
		4435D0EF27481DD700E7A57F /* Release */ = {
			isa = XCBuildConfiguration;
			buildSettings = {
				ASSETCATALOG_COMPILER_APPICON_NAME = AppIcon;
				ASSETCATALOG_COMPILER_GLOBAL_ACCENT_COLOR_NAME = AccentColor;
				CODE_SIGN_STYLE = Automatic;
				INFOPLIST_FILE = src/Resources/Info.plist;
				IPHONEOS_DEPLOYMENT_TARGET = 13.0;
				LD_RUNPATH_SEARCH_PATHS = (
					"$(inherited)",
					"@executable_path/Frameworks",
				);
				PRODUCT_BUNDLE_IDENTIFIER = com.ig.DailyFxNews;
				PRODUCT_NAME = "$(TARGET_NAME)";
				SWIFT_VERSION = 5.0;
				TARGETED_DEVICE_FAMILY = "1,2";
			};
			name = Release;
		};
		4435D12B2749237100E7A57F /* Debug */ = {
			isa = XCBuildConfiguration;
			buildSettings = {
				BUNDLE_LOADER = "$(TEST_HOST)";
				CODE_SIGN_STYLE = Automatic;
				INFOPLIST_FILE = DailyFxNewsTests/Info.plist;
				LD_RUNPATH_SEARCH_PATHS = (
					"$(inherited)",
					"@executable_path/Frameworks",
					"@loader_path/Frameworks",
				);
				PRODUCT_BUNDLE_IDENTIFIER = com.ig.DailyFxNewsTests;
				PRODUCT_NAME = "$(TARGET_NAME)";
				SWIFT_VERSION = 5.0;
				TARGETED_DEVICE_FAMILY = "1,2";
				TEST_HOST = "$(BUILT_PRODUCTS_DIR)/DailyFxNews.app/DailyFxNews";
			};
			name = Debug;
		};
		4435D12C2749237100E7A57F /* Release */ = {
			isa = XCBuildConfiguration;
			buildSettings = {
				BUNDLE_LOADER = "$(TEST_HOST)";
				CODE_SIGN_STYLE = Automatic;
				INFOPLIST_FILE = DailyFxNewsTests/Info.plist;
				LD_RUNPATH_SEARCH_PATHS = (
					"$(inherited)",
					"@executable_path/Frameworks",
					"@loader_path/Frameworks",
				);
				PRODUCT_BUNDLE_IDENTIFIER = com.ig.DailyFxNewsTests;
				PRODUCT_NAME = "$(TARGET_NAME)";
				SWIFT_VERSION = 5.0;
				TARGETED_DEVICE_FAMILY = "1,2";
				TEST_HOST = "$(BUILT_PRODUCTS_DIR)/DailyFxNews.app/DailyFxNews";
			};
			name = Release;
		};
/* End XCBuildConfiguration section */

/* Begin XCConfigurationList section */
		4435D0D427481DD600E7A57F /* Build configuration list for PBXProject "DailyFxNews" */ = {
			isa = XCConfigurationList;
			buildConfigurations = (
				4435D0EB27481DD700E7A57F /* Debug */,
				4435D0EC27481DD700E7A57F /* Release */,
			);
			defaultConfigurationIsVisible = 0;
			defaultConfigurationName = Release;
		};
		4435D0ED27481DD700E7A57F /* Build configuration list for PBXNativeTarget "DailyFxNews" */ = {
			isa = XCConfigurationList;
			buildConfigurations = (
				4435D0EE27481DD700E7A57F /* Debug */,
				4435D0EF27481DD700E7A57F /* Release */,
			);
			defaultConfigurationIsVisible = 0;
			defaultConfigurationName = Release;
		};
		4435D12A2749237100E7A57F /* Build configuration list for PBXNativeTarget "DailyFxNewsTests" */ = {
			isa = XCConfigurationList;
			buildConfigurations = (
				4435D12B2749237100E7A57F /* Debug */,
				4435D12C2749237100E7A57F /* Release */,
			);
			defaultConfigurationIsVisible = 0;
			defaultConfigurationName = Release;
		};
/* End XCConfigurationList section */
	};
	rootObject = 4435D0D127481DD600E7A57F /* Project object */;
}
